// !$*UTF8*$!
{
	archiveVersion = 1;
	classes = {
	};
	objectVersion = 50;
	objects = {

/* Begin PBXBuildFile section */
		0427A1952178BFD700DAB134 /* GameScript.framework in Frameworks */ = {isa = PBXBuildFile; fileRef = 0427A18B2178BFD700DAB134 /* GameScript.framework */; };
		0427A19A2178BFD700DAB134 /* GameScriptTests.m in Sources */ = {isa = PBXBuildFile; fileRef = 0427A1992178BFD700DAB134 /* GameScriptTests.m */; };
		0427A19C2178BFD700DAB134 /* GameScript.h in Headers */ = {isa = PBXBuildFile; fileRef = 0427A18E2178BFD700DAB134 /* GameScript.h */; settings = {ATTRIBUTES = (Public, ); }; };
		0427A1BF2178C02C00DAB134 /* MBSSuspendControl.m in Sources */ = {isa = PBXBuildFile; fileRef = 0427A1A52178C02C00DAB134 /* MBSSuspendControl.m */; };
		0427A1C02178C02C00DAB134 /* RegexKitLite.h in Headers */ = {isa = PBXBuildFile; fileRef = 0427A1A72178C02C00DAB134 /* RegexKitLite.h */; };
		0427A1C12178C02C00DAB134 /* NSStringUtils.h in Headers */ = {isa = PBXBuildFile; fileRef = 0427A1A82178C02C00DAB134 /* NSStringUtils.h */; };
		0427A1C22178C02C00DAB134 /* MBAccessoryView.h in Headers */ = {isa = PBXBuildFile; fileRef = 0427A1A92178C02C00DAB134 /* MBAccessoryView.h */; };
		0427A1C32178C02C00DAB134 /* MBSUpDownButton.h in Headers */ = {isa = PBXBuildFile; fileRef = 0427A1AA2178C02C00DAB134 /* MBSUpDownButton.h */; };
		0427A1C42178C02C00DAB134 /* UILabel+Utils.m in Sources */ = {isa = PBXBuildFile; fileRef = 0427A1AB2178C02C00DAB134 /* UILabel+Utils.m */; };
		0427A1C52178C02C00DAB134 /* MBSInputView.m in Sources */ = {isa = PBXBuildFile; fileRef = 0427A1AC2178C02C00DAB134 /* MBSInputView.m */; };
		0427A1C62178C02C00DAB134 /* MBGlobalCore.m in Sources */ = {isa = PBXBuildFile; fileRef = 0427A1AD2178C02C00DAB134 /* MBGlobalCore.m */; };
		0427A1C72178C02C00DAB134 /* MBSTextField.m in Sources */ = {isa = PBXBuildFile; fileRef = 0427A1AE2178C02C00DAB134 /* MBSTextField.m */; };
		0427A1C92178C02C00DAB134 /* RegexKitLite.m in Sources */ = {isa = PBXBuildFile; fileRef = 0427A1B02178C02C00DAB134 /* RegexKitLite.m */; settings = {COMPILER_FLAGS = "-fno-objc-arc"; }; };
		0427A1CA2178C02C00DAB134 /* MBAccessoryView.m in Sources */ = {isa = PBXBuildFile; fileRef = 0427A1B12178C02C00DAB134 /* MBAccessoryView.m */; };
		0427A1CB2178C02C00DAB134 /* NSStringUtils.m in Sources */ = {isa = PBXBuildFile; fileRef = 0427A1B22178C02C00DAB134 /* NSStringUtils.m */; };
		0427A1CC2178C02C00DAB134 /* UILabel+Utils.h in Headers */ = {isa = PBXBuildFile; fileRef = 0427A1B32178C02C00DAB134 /* UILabel+Utils.h */; };
		0427A1CD2178C02C00DAB134 /* MBSInputView.h in Headers */ = {isa = PBXBuildFile; fileRef = 0427A1B42178C02C00DAB134 /* MBSInputView.h */; };
		0427A1CE2178C02C00DAB134 /* MBSUpDownButton.m in Sources */ = {isa = PBXBuildFile; fileRef = 0427A1B52178C02C00DAB134 /* MBSUpDownButton.m */; };
		0427A1CF2178C02C00DAB134 /* MBSTextField.h in Headers */ = {isa = PBXBuildFile; fileRef = 0427A1B62178C02C00DAB134 /* MBSTextField.h */; };
		0427A1D12178C02C00DAB134 /* MBGlobalCore.h in Headers */ = {isa = PBXBuildFile; fileRef = 0427A1B82178C02C00DAB134 /* MBGlobalCore.h */; };
		0427A1D22178C02C00DAB134 /* MBSLoginAlert.m in Sources */ = {isa = PBXBuildFile; fileRef = 0427A1B92178C02C00DAB134 /* MBSLoginAlert.m */; };
		0427A1D32178C02C00DAB134 /* MBSLoginAlert.h in Headers */ = {isa = PBXBuildFile; fileRef = 0427A1BA2178C02C00DAB134 /* MBSLoginAlert.h */; settings = {ATTRIBUTES = (Public, ); }; };
		0427A1D42178C02C00DAB134 /* MBSSuspendControl.h in Headers */ = {isa = PBXBuildFile; fileRef = 0427A1BB2178C02C00DAB134 /* MBSSuspendControl.h */; settings = {ATTRIBUTES = (Public, ); }; };
		0427A1D52178C02C00DAB134 /* UIViewExt.m in Sources */ = {isa = PBXBuildFile; fileRef = 0427A1BD2178C02C00DAB134 /* UIViewExt.m */; };
		0427A1D62178C02C00DAB134 /* UIViewExt.h in Headers */ = {isa = PBXBuildFile; fileRef = 0427A1BE2178C02C00DAB134 /* UIViewExt.h */; };
		046449C7217A27CD00A588BA /* MBSPrefixDefine.h in Headers */ = {isa = PBXBuildFile; fileRef = 046449C6217A27CD00A588BA /* MBSPrefixDefine.h */; settings = {ATTRIBUTES = (Public, ); }; };
		04CE003B217B257500375621 /* CustomProgress.m in Sources */ = {isa = PBXBuildFile; fileRef = 04CE0039217B257500375621 /* CustomProgress.m */; };
		04CE003C217B257500375621 /* CustomProgress.h in Headers */ = {isa = PBXBuildFile; fileRef = 04CE003A217B257500375621 /* CustomProgress.h */; settings = {ATTRIBUTES = (Public, ); }; };
/* End PBXBuildFile section */

/* Begin PBXContainerItemProxy section */
		0427A1962178BFD700DAB134 /* PBXContainerItemProxy */ = {
			isa = PBXContainerItemProxy;
			containerPortal = 0427A1822178BFD700DAB134 /* Project object */;
			proxyType = 1;
			remoteGlobalIDString = 0427A18A2178BFD700DAB134;
			remoteInfo = GameScript;
		};
/* End PBXContainerItemProxy section */

/* Begin PBXFileReference section */
		0427A18B2178BFD700DAB134 /* GameScript.framework */ = {isa = PBXFileReference; explicitFileType = wrapper.framework; includeInIndex = 0; path = GameScript.framework; sourceTree = BUILT_PRODUCTS_DIR; };
		0427A18E2178BFD700DAB134 /* GameScript.h */ = {isa = PBXFileReference; lastKnownFileType = sourcecode.c.h; path = GameScript.h; sourceTree = "<group>"; };
		0427A18F2178BFD700DAB134 /* Info.plist */ = {isa = PBXFileReference; lastKnownFileType = text.plist.xml; path = Info.plist; sourceTree = "<group>"; };
		0427A1942178BFD700DAB134 /* GameScriptTests.xctest */ = {isa = PBXFileReference; explicitFileType = wrapper.cfbundle; includeInIndex = 0; path = GameScriptTests.xctest; sourceTree = BUILT_PRODUCTS_DIR; };
		0427A1992178BFD700DAB134 /* GameScriptTests.m */ = {isa = PBXFileReference; lastKnownFileType = sourcecode.c.objc; path = GameScriptTests.m; sourceTree = "<group>"; };
		0427A19B2178BFD700DAB134 /* Info.plist */ = {isa = PBXFileReference; lastKnownFileType = text.plist.xml; path = Info.plist; sourceTree = "<group>"; };
		0427A1A52178C02C00DAB134 /* MBSSuspendControl.m */ = {isa = PBXFileReference; fileEncoding = 4; lastKnownFileType = sourcecode.c.objc; path = MBSSuspendControl.m; sourceTree = "<group>"; };
		0427A1A72178C02C00DAB134 /* RegexKitLite.h */ = {isa = PBXFileReference; fileEncoding = 4; lastKnownFileType = sourcecode.c.h; path = RegexKitLite.h; sourceTree = "<group>"; };
		0427A1A82178C02C00DAB134 /* NSStringUtils.h */ = {isa = PBXFileReference; fileEncoding = 4; lastKnownFileType = sourcecode.c.h; path = NSStringUtils.h; sourceTree = "<group>"; };
		0427A1A92178C02C00DAB134 /* MBAccessoryView.h */ = {isa = PBXFileReference; fileEncoding = 4; lastKnownFileType = sourcecode.c.h; path = MBAccessoryView.h; sourceTree = "<group>"; };
		0427A1AA2178C02C00DAB134 /* MBSUpDownButton.h */ = {isa = PBXFileReference; fileEncoding = 4; lastKnownFileType = sourcecode.c.h; path = MBSUpDownButton.h; sourceTree = "<group>"; };
		0427A1AB2178C02C00DAB134 /* UILabel+Utils.m */ = {isa = PBXFileReference; fileEncoding = 4; lastKnownFileType = sourcecode.c.objc; path = "UILabel+Utils.m"; sourceTree = "<group>"; };
		0427A1AC2178C02C00DAB134 /* MBSInputView.m */ = {isa = PBXFileReference; fileEncoding = 4; lastKnownFileType = sourcecode.c.objc; path = MBSInputView.m; sourceTree = "<group>"; };
		0427A1AD2178C02C00DAB134 /* MBGlobalCore.m */ = {isa = PBXFileReference; fileEncoding = 4; lastKnownFileType = sourcecode.c.objc; path = MBGlobalCore.m; sourceTree = "<group>"; };
		0427A1AE2178C02C00DAB134 /* MBSTextField.m */ = {isa = PBXFileReference; fileEncoding = 4; lastKnownFileType = sourcecode.c.objc; path = MBSTextField.m; sourceTree = "<group>"; };
		0427A1B02178C02C00DAB134 /* RegexKitLite.m */ = {isa = PBXFileReference; fileEncoding = 4; lastKnownFileType = sourcecode.c.objc; path = RegexKitLite.m; sourceTree = "<group>"; };
		0427A1B12178C02C00DAB134 /* MBAccessoryView.m */ = {isa = PBXFileReference; fileEncoding = 4; lastKnownFileType = sourcecode.c.objc; path = MBAccessoryView.m; sourceTree = "<group>"; };
		0427A1B22178C02C00DAB134 /* NSStringUtils.m */ = {isa = PBXFileReference; fileEncoding = 4; lastKnownFileType = sourcecode.c.objc; path = NSStringUtils.m; sourceTree = "<group>"; };
		0427A1B32178C02C00DAB134 /* UILabel+Utils.h */ = {isa = PBXFileReference; fileEncoding = 4; lastKnownFileType = sourcecode.c.h; path = "UILabel+Utils.h"; sourceTree = "<group>"; };
		0427A1B42178C02C00DAB134 /* MBSInputView.h */ = {isa = PBXFileReference; fileEncoding = 4; lastKnownFileType = sourcecode.c.h; path = MBSInputView.h; sourceTree = "<group>"; };
		0427A1B52178C02C00DAB134 /* MBSUpDownButton.m */ = {isa = PBXFileReference; fileEncoding = 4; lastKnownFileType = sourcecode.c.objc; path = MBSUpDownButton.m; sourceTree = "<group>"; };
		0427A1B62178C02C00DAB134 /* MBSTextField.h */ = {isa = PBXFileReference; fileEncoding = 4; lastKnownFileType = sourcecode.c.h; path = MBSTextField.h; sourceTree = "<group>"; };
		0427A1B82178C02C00DAB134 /* MBGlobalCore.h */ = {isa = PBXFileReference; fileEncoding = 4; lastKnownFileType = sourcecode.c.h; path = MBGlobalCore.h; sourceTree = "<group>"; };
		0427A1B92178C02C00DAB134 /* MBSLoginAlert.m */ = {isa = PBXFileReference; fileEncoding = 4; lastKnownFileType = sourcecode.c.objc; path = MBSLoginAlert.m; sourceTree = "<group>"; };
		0427A1BA2178C02C00DAB134 /* MBSLoginAlert.h */ = {isa = PBXFileReference; fileEncoding = 4; lastKnownFileType = sourcecode.c.h; path = MBSLoginAlert.h; sourceTree = "<group>"; };
		0427A1BB2178C02C00DAB134 /* MBSSuspendControl.h */ = {isa = PBXFileReference; fileEncoding = 4; lastKnownFileType = sourcecode.c.h; path = MBSSuspendControl.h; sourceTree = "<group>"; };
		0427A1BD2178C02C00DAB134 /* UIViewExt.m */ = {isa = PBXFileReference; fileEncoding = 4; lastKnownFileType = sourcecode.c.objc; path = UIViewExt.m; sourceTree = "<group>"; };
		0427A1BE2178C02C00DAB134 /* UIViewExt.h */ = {isa = PBXFileReference; fileEncoding = 4; lastKnownFileType = sourcecode.c.h; path = UIViewExt.h; sourceTree = "<group>"; };
		046449C6217A27CD00A588BA /* MBSPrefixDefine.h */ = {isa = PBXFileReference; fileEncoding = 4; lastKnownFileType = sourcecode.c.h; path = MBSPrefixDefine.h; sourceTree = "<group>"; };
		04CE0039217B257500375621 /* CustomProgress.m */ = {isa = PBXFileReference; fileEncoding = 4; lastKnownFileType = sourcecode.c.objc; path = CustomProgress.m; sourceTree = "<group>"; };
		04CE003A217B257500375621 /* CustomProgress.h */ = {isa = PBXFileReference; fileEncoding = 4; lastKnownFileType = sourcecode.c.h; path = CustomProgress.h; sourceTree = "<group>"; };
/* End PBXFileReference section */

/* Begin PBXFrameworksBuildPhase section */
		0427A1872178BFD700DAB134 /* Frameworks */ = {
			isa = PBXFrameworksBuildPhase;
			buildActionMask = 2147483647;
			files = (
			);
			runOnlyForDeploymentPostprocessing = 0;
		};
		0427A1912178BFD700DAB134 /* Frameworks */ = {
			isa = PBXFrameworksBuildPhase;
			buildActionMask = 2147483647;
			files = (
				0427A1952178BFD700DAB134 /* GameScript.framework in Frameworks */,
			);
			runOnlyForDeploymentPostprocessing = 0;
		};
/* End PBXFrameworksBuildPhase section */

/* Begin PBXGroup section */
		0427A1812178BFD700DAB134 = {
			isa = PBXGroup;
			children = (
				0427A1BA2178C02C00DAB134 /* MBSLoginAlert.h */,
				0427A1B92178C02C00DAB134 /* MBSLoginAlert.m */,
				0427A1BB2178C02C00DAB134 /* MBSSuspendControl.h */,
				0427A1A52178C02C00DAB134 /* MBSSuspendControl.m */,
				04CE003A217B257500375621 /* CustomProgress.h */,
				04CE0039217B257500375621 /* CustomProgress.m */,
				046449C6217A27CD00A588BA /* MBSPrefixDefine.h */,
				0427A1A62178C02C00DAB134 /* Source */,
				0427A1BC2178C02C00DAB134 /* UIViewExt */,
				0427A18D2178BFD700DAB134 /* GameScript */,
				0427A1982178BFD700DAB134 /* GameScriptTests */,
				0427A18C2178BFD700DAB134 /* Products */,
			);
			sourceTree = "<group>";
		};
		0427A18C2178BFD700DAB134 /* Products */ = {
			isa = PBXGroup;
			children = (
				0427A18B2178BFD700DAB134 /* GameScript.framework */,
				0427A1942178BFD700DAB134 /* GameScriptTests.xctest */,
			);
			name = Products;
			sourceTree = "<group>";
		};
		0427A18D2178BFD700DAB134 /* GameScript */ = {
			isa = PBXGroup;
			children = (
				0427A18E2178BFD700DAB134 /* GameScript.h */,
				0427A18F2178BFD700DAB134 /* Info.plist */,
			);
			path = GameScript;
			sourceTree = "<group>";
		};
		0427A1982178BFD700DAB134 /* GameScriptTests */ = {
			isa = PBXGroup;
			children = (
				0427A1992178BFD700DAB134 /* GameScriptTests.m */,
				0427A19B2178BFD700DAB134 /* Info.plist */,
			);
			path = GameScriptTests;
			sourceTree = "<group>";
		};
		0427A1A62178C02C00DAB134 /* Source */ = {
			isa = PBXGroup;
			children = (
				0427A1A72178C02C00DAB134 /* RegexKitLite.h */,
				0427A1B02178C02C00DAB134 /* RegexKitLite.m */,
				0427A1A82178C02C00DAB134 /* NSStringUtils.h */,
				0427A1B22178C02C00DAB134 /* NSStringUtils.m */,
				0427A1A92178C02C00DAB134 /* MBAccessoryView.h */,
				0427A1B12178C02C00DAB134 /* MBAccessoryView.m */,
				0427A1AA2178C02C00DAB134 /* MBSUpDownButton.h */,
				0427A1B52178C02C00DAB134 /* MBSUpDownButton.m */,
				0427A1B32178C02C00DAB134 /* UILabel+Utils.h */,
				0427A1AB2178C02C00DAB134 /* UILabel+Utils.m */,
				0427A1B42178C02C00DAB134 /* MBSInputView.h */,
				0427A1AC2178C02C00DAB134 /* MBSInputView.m */,
				0427A1B82178C02C00DAB134 /* MBGlobalCore.h */,
				0427A1AD2178C02C00DAB134 /* MBGlobalCore.m */,
				0427A1B62178C02C00DAB134 /* MBSTextField.h */,
				0427A1AE2178C02C00DAB134 /* MBSTextField.m */,
			);
			path = Source;
			sourceTree = "<group>";
		};
		0427A1BC2178C02C00DAB134 /* UIViewExt */ = {
			isa = PBXGroup;
			children = (
				0427A1BD2178C02C00DAB134 /* UIViewExt.m */,
				0427A1BE2178C02C00DAB134 /* UIViewExt.h */,
			);
			path = UIViewExt;
			sourceTree = "<group>";
		};
/* End PBXGroup section */

/* Begin PBXHeadersBuildPhase section */
		0427A1882178BFD700DAB134 /* Headers */ = {
			isa = PBXHeadersBuildPhase;
			buildActionMask = 2147483647;
			files = (
				0427A1D32178C02C00DAB134 /* MBSLoginAlert.h in Headers */,
				0427A1D42178C02C00DAB134 /* MBSSuspendControl.h in Headers */,
				0427A1C32178C02C00DAB134 /* MBSUpDownButton.h in Headers */,
				04CE003C217B257500375621 /* CustomProgress.h in Headers */,
				046449C7217A27CD00A588BA /* MBSPrefixDefine.h in Headers */,
				0427A19C2178BFD700DAB134 /* GameScript.h in Headers */,
				0427A1CD2178C02C00DAB134 /* MBSInputView.h in Headers */,
				0427A1C22178C02C00DAB134 /* MBAccessoryView.h in Headers */,
				0427A1CC2178C02C00DAB134 /* UILabel+Utils.h in Headers */,
				0427A1C12178C02C00DAB134 /* NSStringUtils.h in Headers */,
				0427A1D62178C02C00DAB134 /* UIViewExt.h in Headers */,
				0427A1C02178C02C00DAB134 /* RegexKitLite.h in Headers */,
				0427A1CF2178C02C00DAB134 /* MBSTextField.h in Headers */,
				0427A1D12178C02C00DAB134 /* MBGlobalCore.h in Headers */,
			);
			runOnlyForDeploymentPostprocessing = 0;
		};
/* End PBXHeadersBuildPhase section */

/* Begin PBXNativeTarget section */
		0427A18A2178BFD700DAB134 /* GameScript */ = {
			isa = PBXNativeTarget;
			buildConfigurationList = 0427A19F2178BFD700DAB134 /* Build configuration list for PBXNativeTarget "GameScript" */;
			buildPhases = (
				0427A1862178BFD700DAB134 /* Sources */,
				0427A1872178BFD700DAB134 /* Frameworks */,
				0427A1882178BFD700DAB134 /* Headers */,
				0427A1892178BFD700DAB134 /* Resources */,
			);
			buildRules = (
			);
			dependencies = (
			);
			name = GameScript;
			productName = GameScript;
			productReference = 0427A18B2178BFD700DAB134 /* GameScript.framework */;
			productType = "com.apple.product-type.framework";
		};
		0427A1932178BFD700DAB134 /* GameScriptTests */ = {
			isa = PBXNativeTarget;
			buildConfigurationList = 0427A1A22178BFD700DAB134 /* Build configuration list for PBXNativeTarget "GameScriptTests" */;
			buildPhases = (
				0427A1902178BFD700DAB134 /* Sources */,
				0427A1912178BFD700DAB134 /* Frameworks */,
				0427A1922178BFD700DAB134 /* Resources */,
			);
			buildRules = (
			);
			dependencies = (
				0427A1972178BFD700DAB134 /* PBXTargetDependency */,
			);
			name = GameScriptTests;
			productName = GameScriptTests;
			productReference = 0427A1942178BFD700DAB134 /* GameScriptTests.xctest */;
			productType = "com.apple.product-type.bundle.unit-test";
		};
/* End PBXNativeTarget section */

/* Begin PBXProject section */
		0427A1822178BFD700DAB134 /* Project object */ = {
			isa = PBXProject;
			attributes = {
				LastUpgradeCheck = 0930;
				ORGANIZATIONNAME = "陈创";
				TargetAttributes = {
					0427A18A2178BFD700DAB134 = {
						CreatedOnToolsVersion = 9.3.1;
					};
					0427A1932178BFD700DAB134 = {
						CreatedOnToolsVersion = 9.3.1;
					};
				};
			};
			buildConfigurationList = 0427A1852178BFD700DAB134 /* Build configuration list for PBXProject "GameScript" */;
			compatibilityVersion = "Xcode 9.3";
			developmentRegion = en;
			hasScannedForEncodings = 0;
			knownRegions = (
				en,
			);
			mainGroup = 0427A1812178BFD700DAB134;
			productRefGroup = 0427A18C2178BFD700DAB134 /* Products */;
			projectDirPath = "";
			projectRoot = "";
			targets = (
				0427A18A2178BFD700DAB134 /* GameScript */,
				0427A1932178BFD700DAB134 /* GameScriptTests */,
			);
		};
/* End PBXProject section */

/* Begin PBXResourcesBuildPhase section */
		0427A1892178BFD700DAB134 /* Resources */ = {
			isa = PBXResourcesBuildPhase;
			buildActionMask = 2147483647;
			files = (
			);
			runOnlyForDeploymentPostprocessing = 0;
		};
		0427A1922178BFD700DAB134 /* Resources */ = {
			isa = PBXResourcesBuildPhase;
			buildActionMask = 2147483647;
			files = (
			);
			runOnlyForDeploymentPostprocessing = 0;
		};
/* End PBXResourcesBuildPhase section */

/* Begin PBXSourcesBuildPhase section */
		0427A1862178BFD700DAB134 /* Sources */ = {
			isa = PBXSourcesBuildPhase;
			buildActionMask = 2147483647;
			files = (
				0427A1C92178C02C00DAB134 /* RegexKitLite.m in Sources */,
				0427A1CB2178C02C00DAB134 /* NSStringUtils.m in Sources */,
				0427A1C42178C02C00DAB134 /* UILabel+Utils.m in Sources */,
				04CE003B217B257500375621 /* CustomProgress.m in Sources */,
				0427A1CA2178C02C00DAB134 /* MBAccessoryView.m in Sources */,
				0427A1D52178C02C00DAB134 /* UIViewExt.m in Sources */,
				0427A1BF2178C02C00DAB134 /* MBSSuspendControl.m in Sources */,
				0427A1CE2178C02C00DAB134 /* MBSUpDownButton.m in Sources */,
				0427A1C62178C02C00DAB134 /* MBGlobalCore.m in Sources */,
				0427A1D22178C02C00DAB134 /* MBSLoginAlert.m in Sources */,
				0427A1C52178C02C00DAB134 /* MBSInputView.m in Sources */,
				0427A1C72178C02C00DAB134 /* MBSTextField.m in Sources */,
			);
			runOnlyForDeploymentPostprocessing = 0;
		};
		0427A1902178BFD700DAB134 /* Sources */ = {
			isa = PBXSourcesBuildPhase;
			buildActionMask = 2147483647;
			files = (
				0427A19A2178BFD700DAB134 /* GameScriptTests.m in Sources */,
			);
			runOnlyForDeploymentPostprocessing = 0;
		};
/* End PBXSourcesBuildPhase section */

/* Begin PBXTargetDependency section */
		0427A1972178BFD700DAB134 /* PBXTargetDependency */ = {
			isa = PBXTargetDependency;
			target = 0427A18A2178BFD700DAB134 /* GameScript */;
			targetProxy = 0427A1962178BFD700DAB134 /* PBXContainerItemProxy */;
		};
/* End PBXTargetDependency section */

/* Begin XCBuildConfiguration section */
		0427A19D2178BFD700DAB134 /* Debug */ = {
			isa = XCBuildConfiguration;
			buildSettings = {
				ALWAYS_SEARCH_USER_PATHS = NO;
				CLANG_ANALYZER_NONNULL = YES;
				CLANG_ANALYZER_NUMBER_OBJECT_CONVERSION = YES_AGGRESSIVE;
				CLANG_CXX_LANGUAGE_STANDARD = "gnu++14";
				CLANG_CXX_LIBRARY = "libc++";
				CLANG_ENABLE_MODULES = YES;
				CLANG_ENABLE_OBJC_ARC = YES;
				CLANG_ENABLE_OBJC_WEAK = YES;
				CLANG_WARN_BLOCK_CAPTURE_AUTORELEASING = YES;
				CLANG_WARN_BOOL_CONVERSION = YES;
				CLANG_WARN_COMMA = YES;
				CLANG_WARN_CONSTANT_CONVERSION = YES;
				CLANG_WARN_DEPRECATED_OBJC_IMPLEMENTATIONS = YES;
				CLANG_WARN_DIRECT_OBJC_ISA_USAGE = YES_ERROR;
				CLANG_WARN_DOCUMENTATION_COMMENTS = YES;
				CLANG_WARN_EMPTY_BODY = YES;
				CLANG_WARN_ENUM_CONVERSION = YES;
				CLANG_WARN_INFINITE_RECURSION = YES;
				CLANG_WARN_INT_CONVERSION = YES;
				CLANG_WARN_NON_LITERAL_NULL_CONVERSION = YES;
				CLANG_WARN_OBJC_IMPLICIT_RETAIN_SELF = YES;
				CLANG_WARN_OBJC_LITERAL_CONVERSION = YES;
				CLANG_WARN_OBJC_ROOT_CLASS = YES_ERROR;
				CLANG_WARN_RANGE_LOOP_ANALYSIS = YES;
				CLANG_WARN_STRICT_PROTOTYPES = YES;
				CLANG_WARN_SUSPICIOUS_MOVE = YES;
				CLANG_WARN_UNGUARDED_AVAILABILITY = YES_AGGRESSIVE;
				CLANG_WARN_UNREACHABLE_CODE = YES;
				CLANG_WARN__DUPLICATE_METHOD_MATCH = YES;
				CODE_SIGN_IDENTITY = "iPhone Developer";
				COPY_PHASE_STRIP = NO;
				CURRENT_PROJECT_VERSION = 1;
				DEBUG_INFORMATION_FORMAT = dwarf;
				ENABLE_STRICT_OBJC_MSGSEND = YES;
				ENABLE_TESTABILITY = YES;
				GCC_C_LANGUAGE_STANDARD = gnu11;
				GCC_DYNAMIC_NO_PIC = NO;
				GCC_NO_COMMON_BLOCKS = YES;
				GCC_OPTIMIZATION_LEVEL = 0;
				GCC_PREPROCESSOR_DEFINITIONS = (
					"DEBUG=1",
					"$(inherited)",
				);
				GCC_WARN_64_TO_32_BIT_CONVERSION = YES;
				GCC_WARN_ABOUT_RETURN_TYPE = YES_ERROR;
				GCC_WARN_UNDECLARED_SELECTOR = YES;
				GCC_WARN_UNINITIALIZED_AUTOS = YES_AGGRESSIVE;
				GCC_WARN_UNUSED_FUNCTION = YES;
				GCC_WARN_UNUSED_VARIABLE = YES;
				IPHONEOS_DEPLOYMENT_TARGET = 11.3;
				MTL_ENABLE_DEBUG_INFO = YES;
				ONLY_ACTIVE_ARCH = YES;
				SDKROOT = iphoneos;
				VERSIONING_SYSTEM = "apple-generic";
				VERSION_INFO_PREFIX = "";
			};
			name = Debug;
		};
		0427A19E2178BFD700DAB134 /* Release */ = {
			isa = XCBuildConfiguration;
			buildSettings = {
				ALWAYS_SEARCH_USER_PATHS = NO;
				CLANG_ANALYZER_NONNULL = YES;
				CLANG_ANALYZER_NUMBER_OBJECT_CONVERSION = YES_AGGRESSIVE;
				CLANG_CXX_LANGUAGE_STANDARD = "gnu++14";
				CLANG_CXX_LIBRARY = "libc++";
				CLANG_ENABLE_MODULES = YES;
				CLANG_ENABLE_OBJC_ARC = YES;
				CLANG_ENABLE_OBJC_WEAK = YES;
				CLANG_WARN_BLOCK_CAPTURE_AUTORELEASING = YES;
				CLANG_WARN_BOOL_CONVERSION = YES;
				CLANG_WARN_COMMA = YES;
				CLANG_WARN_CONSTANT_CONVERSION = YES;
				CLANG_WARN_DEPRECATED_OBJC_IMPLEMENTATIONS = YES;
				CLANG_WARN_DIRECT_OBJC_ISA_USAGE = YES_ERROR;
				CLANG_WARN_DOCUMENTATION_COMMENTS = YES;
				CLANG_WARN_EMPTY_BODY = YES;
				CLANG_WARN_ENUM_CONVERSION = YES;
				CLANG_WARN_INFINITE_RECURSION = YES;
				CLANG_WARN_INT_CONVERSION = YES;
				CLANG_WARN_NON_LITERAL_NULL_CONVERSION = YES;
				CLANG_WARN_OBJC_IMPLICIT_RETAIN_SELF = YES;
				CLANG_WARN_OBJC_LITERAL_CONVERSION = YES;
				CLANG_WARN_OBJC_ROOT_CLASS = YES_ERROR;
				CLANG_WARN_RANGE_LOOP_ANALYSIS = YES;
				CLANG_WARN_STRICT_PROTOTYPES = YES;
				CLANG_WARN_SUSPICIOUS_MOVE = YES;
				CLANG_WARN_UNGUARDED_AVAILABILITY = YES_AGGRESSIVE;
				CLANG_WARN_UNREACHABLE_CODE = YES;
				CLANG_WARN__DUPLICATE_METHOD_MATCH = YES;
				CODE_SIGN_IDENTITY = "iPhone Developer";
				COPY_PHASE_STRIP = NO;
				CURRENT_PROJECT_VERSION = 1;
				DEBUG_INFORMATION_FORMAT = "dwarf-with-dsym";
				ENABLE_NS_ASSERTIONS = NO;
				ENABLE_STRICT_OBJC_MSGSEND = YES;
				GCC_C_LANGUAGE_STANDARD = gnu11;
				GCC_NO_COMMON_BLOCKS = YES;
				GCC_WARN_64_TO_32_BIT_CONVERSION = YES;
				GCC_WARN_ABOUT_RETURN_TYPE = YES_ERROR;
				GCC_WARN_UNDECLARED_SELECTOR = YES;
				GCC_WARN_UNINITIALIZED_AUTOS = YES_AGGRESSIVE;
				GCC_WARN_UNUSED_FUNCTION = YES;
				GCC_WARN_UNUSED_VARIABLE = YES;
				IPHONEOS_DEPLOYMENT_TARGET = 11.3;
				MTL_ENABLE_DEBUG_INFO = NO;
				SDKROOT = iphoneos;
				VALIDATE_PRODUCT = YES;
				VERSIONING_SYSTEM = "apple-generic";
				VERSION_INFO_PREFIX = "";
			};
			name = Release;
		};
		0427A1A02178BFD700DAB134 /* Debug */ = {
			isa = XCBuildConfiguration;
			buildSettings = {
				CODE_SIGN_IDENTITY = "";
				CODE_SIGN_STYLE = Automatic;
				DEAD_CODE_STRIPPING = NO;
				DEFINES_MODULE = YES;
				DEVELOPMENT_TEAM = B94C4GLS2Q;
				DYLIB_COMPATIBILITY_VERSION = 1;
				DYLIB_CURRENT_VERSION = 1;
				DYLIB_INSTALL_NAME_BASE = "@rpath";
				INFOPLIST_FILE = GameScript/Info.plist;
				INSTALL_PATH = "$(LOCAL_LIBRARY_DIR)/Frameworks";
				IPHONEOS_DEPLOYMENT_TARGET = 9.0;
				LD_RUNPATH_SEARCH_PATHS = (
					"$(inherited)",
					"@executable_path/Frameworks",
					"@loader_path/Frameworks",
				);
				MACH_O_TYPE = staticlib;
				PRODUCT_BUNDLE_IDENTIFIER = com.gdnybankiphone.mbsiphone.GameScript;
				PRODUCT_NAME = "$(TARGET_NAME:c99extidentifier)";
				SKIP_INSTALL = YES;
				TARGETED_DEVICE_FAMILY = "1,2";
			};
			name = Debug;
		};
		0427A1A12178BFD700DAB134 /* Release */ = {
			isa = XCBuildConfiguration;
			buildSettings = {
				CODE_SIGN_IDENTITY = "";
				CODE_SIGN_STYLE = Automatic;
				DEAD_CODE_STRIPPING = NO;
				DEFINES_MODULE = YES;
				DEVELOPMENT_TEAM = B94C4GLS2Q;
				DYLIB_COMPATIBILITY_VERSION = 1;
				DYLIB_CURRENT_VERSION = 1;
				DYLIB_INSTALL_NAME_BASE = "@rpath";
				INFOPLIST_FILE = GameScript/Info.plist;
				INSTALL_PATH = "$(LOCAL_LIBRARY_DIR)/Frameworks";
				IPHONEOS_DEPLOYMENT_TARGET = 9.0;
				LD_RUNPATH_SEARCH_PATHS = (
					"$(inherited)",
					"@executable_path/Frameworks",
					"@loader_path/Frameworks",
				);
				MACH_O_TYPE = staticlib;
				PRODUCT_BUNDLE_IDENTIFIER = com.gdnybankiphone.mbsiphone.GameScript;
				PRODUCT_NAME = "$(TARGET_NAME:c99extidentifier)";
				SKIP_INSTALL = YES;
				TARGETED_DEVICE_FAMILY = "1,2";
			};
			name = Release;
		};
		0427A1A32178BFD700DAB134 /* Debug */ = {
			isa = XCBuildConfiguration;
			buildSettings = {
				CODE_SIGN_STYLE = Automatic;
				DEVELOPMENT_TEAM = B94C4GLS2Q;
				INFOPLIST_FILE = GameScriptTests/Info.plist;
				LD_RUNPATH_SEARCH_PATHS = (
					"$(inherited)",
					"@executable_path/Frameworks",
					"@loader_path/Frameworks",
				);
				PRODUCT_BUNDLE_IDENTIFIER = com.gdnybankiphone.mbsiphone.GameScriptTests;
				PRODUCT_NAME = "$(TARGET_NAME)";
				TARGETED_DEVICE_FAMILY = "1,2";
			};
			name = Debug;
		};
		0427A1A42178BFD700DAB134 /* Release */ = {
			isa = XCBuildConfiguration;
			buildSettings = {
				CODE_SIGN_STYLE = Automatic;
				DEVELOPMENT_TEAM = B94C4GLS2Q;
				INFOPLIST_FILE = GameScriptTests/Info.plist;
				LD_RUNPATH_SEARCH_PATHS = (
					"$(inherited)",
					"@executable_path/Frameworks",
					"@loader_path/Frameworks",
				);
				PRODUCT_BUNDLE_IDENTIFIER = com.gdnybankiphone.mbsiphone.GameScriptTests;
				PRODUCT_NAME = "$(TARGET_NAME)";
				TARGETED_DEVICE_FAMILY = "1,2";
			};
			name = Release;
		};
/* End XCBuildConfiguration section */

/* Begin XCConfigurationList section */
		0427A1852178BFD700DAB134 /* Build configuration list for PBXProject "GameScript" */ = {
			isa = XCConfigurationList;
			buildConfigurations = (
				0427A19D2178BFD700DAB134 /* Debug */,
				0427A19E2178BFD700DAB134 /* Release */,
			);
			defaultConfigurationIsVisible = 0;
			defaultConfigurationName = Release;
		};
		0427A19F2178BFD700DAB134 /* Build configuration list for PBXNativeTarget "GameScript" */ = {
			isa = XCConfigurationList;
			buildConfigurations = (
				0427A1A02178BFD700DAB134 /* Debug */,
				0427A1A12178BFD700DAB134 /* Release */,
			);
			defaultConfigurationIsVisible = 0;
			defaultConfigurationName = Release;
		};
		0427A1A22178BFD700DAB134 /* Build configuration list for PBXNativeTarget "GameScriptTests" */ = {
			isa = XCConfigurationList;
			buildConfigurations = (
				0427A1A32178BFD700DAB134 /* Debug */,
				0427A1A42178BFD700DAB134 /* Release */,
			);
			defaultConfigurationIsVisible = 0;
			defaultConfigurationName = Release;
		};
/* End XCConfigurationList section */
	};
	rootObject = 0427A1822178BFD700DAB134 /* Project object */;
}
